
Microsoft Visual Studio Solution File, Format Version 12.00
# Visual Studio Version 17
VisualStudioVersion = 17.0.31903.59
MinimumVisualStudioVersion = 10.0.40219.1
Project("{2150E333-8FDC-42A3-9474-1A3956D46DE8}") = "Services", "Services", "{3382143E-2C82-4D53-A25D-E45725053CE8}"
EndProject
Project("{9A19103F-16F7-4668-BE54-9A1E7A4F7556}") = "Catalog.API", "Catalog.API\Catalog.API.csproj", "{69DCBDC6-92C8-4FB2-853D-2179ED0A5750}"
EndProject
Project("{E53339B2-1760-4266-BCC7-CA923CBCF16C}") = "docker-compose", "docker-compose.dcproj", "{0AB2C8FB-C3C1-42FB-B818-637E3393F89C}"
EndProject
Project("{FAE04EC0-301F-11D3-BF4B-00C04F79EFBC}") = "Basket.API", "Basket.API\Basket.API.csproj", "{5FBD728E-FB90-468F-856A-CD65D3E62AAD}"
EndProject
Global
	GlobalSection(SolutionConfigurationPlatforms) = preSolution
		Debug|Any CPU = Debug|Any CPU
		Release|Any CPU = Release|Any CPU
	EndGlobalSection
	GlobalSection(ProjectConfigurationPlatforms) = postSolution
		{69DCBDC6-92C8-4FB2-853D-2179ED0A5750}.Debug|Any CPU.ActiveCfg = Debug|Any CPU
		{69DCBDC6-92C8-4FB2-853D-2179ED0A5750}.Debug|Any CPU.Build.0 = Debug|Any CPU
		{69DCBDC6-92C8-4FB2-853D-2179ED0A5750}.Release|Any CPU.ActiveCfg = Release|Any CPU
		{69DCBDC6-92C8-4FB2-853D-2179ED0A5750}.Release|Any CPU.Build.0 = Release|Any CPU
		{0AB2C8FB-C3C1-42FB-B818-637E3393F89C}.Debug|Any CPU.ActiveCfg = Debug|Any CPU
		{0AB2C8FB-C3C1-42FB-B818-637E3393F89C}.Debug|Any CPU.Build.0 = Debug|Any CPU
		{0AB2C8FB-C3C1-42FB-B818-637E3393F89C}.Release|Any CPU.ActiveCfg = Release|Any CPU
		{0AB2C8FB-C3C1-42FB-B818-637E3393F89C}.Release|Any CPU.Build.0 = Release|Any CPU
		{5FBD728E-FB90-468F-856A-CD65D3E62AAD}.Debug|Any CPU.ActiveCfg = Debug|Any CPU
		{5FBD728E-FB90-468F-856A-CD65D3E62AAD}.Debug|Any CPU.Build.0 = Debug|Any CPU
		{5FBD728E-FB90-468F-856A-CD65D3E62AAD}.Release|Any CPU.ActiveCfg = Release|Any CPU
		{5FBD728E-FB90-468F-856A-CD65D3E62AAD}.Release|Any CPU.Build.0 = Release|Any CPU
	EndGlobalSection
	GlobalSection(SolutionProperties) = preSolution
		HideSolutionNode = FALSE
	EndGlobalSection
	GlobalSection(NestedProjects) = preSolution
		{69DCBDC6-92C8-4FB2-853D-2179ED0A5750} = {3382143E-2C82-4D53-A25D-E45725053CE8}
		{5FBD728E-FB90-468F-856A-CD65D3E62AAD} = {3382143E-2C82-4D53-A25D-E45725053CE8}
	EndGlobalSection
	GlobalSection(ExtensibilityGlobals) = postSolution
		SolutionGuid = {AD98AE01-FD22-4A67-AF98-FFFF588B23A3}
	EndGlobalSection
EndGlobal
