
Microsoft Visual Studio Solution File, Format Version 12.00
# Visual Studio Version 17
VisualStudioVersion = 17.0.31903.59
MinimumVisualStudioVersion = 10.0.40219.1
Project("{2150E333-8FDC-42A3-9474-1A3956D46DE8}") = "Services", "Services", "{3382143E-2C82-4D53-A25D-E45725053CE8}"
EndProject
Project("{9A19103F-16F7-4668-BE54-9A1E7A4F7556}") = "Catalog.API", "Catalog.API\Catalog.API.csproj", "{69DCBDC6-92C8-4FB2-853D-2179ED0A5750}"
EndProject
Project("{E53339B2-1760-4266-BCC7-CA923CBCF16C}") = "docker-compose", "docker-compose.dcproj", "{0AB2C8FB-C3C1-42FB-B818-637E3393F89C}"
EndProject
Project("{9A19103F-16F7-4668-BE54-9A1E7A4F7556}") = "Basket.API", "Basket.API\Basket.API.csproj", "{5FBD728E-FB90-468F-856A-CD65D3E62AAD}"
EndProject
Project("{9A19103F-16F7-4668-BE54-9A1E7A4F7556}") = "Discount.API", "Discount.API\Discount.API.csproj", "{A343B756-5199-4F21-A7E2-1819CDC3878D}"
EndProject
Project("{2150E333-8FDC-42A3-9474-1A3956D46DE8}") = "ApiGateways", "ApiGateways", "{FAD6B2B4-9973-470E-A902-32E67CA88830}"
EndProject
Project("{9A19103F-16F7-4668-BE54-9A1E7A4F7556}") = "OcelotApiGw", "OcelotApiGw\OcelotApiGw.csproj", "{BB5621C7-3915-46A3-A0A1-9B3F14D8A598}"
EndProject
Project("{FAE04EC0-301F-11D3-BF4B-00C04F79EFBC}") = "Ordering.API", "Ordering.API\Ordering.API.csproj", "{833447D5-EB6B-402D-AC00-FD3F59A4CF9B}"
EndProject
Project("{2150E333-8FDC-42A3-9474-1A3956D46DE8}") = "Ordering", "Ordering", "{7C225DEC-ACEE-4B50-B8DD-51C9488B0981}"
EndProject
Project("{FAE04EC0-301F-11D3-BF4B-00C04F79EFBC}") = "Ordering.Domain", "Ordering.Domain\Ordering.Domain.csproj", "{453CBD93-DA89-4FD0-87AD-025B5448A6B4}"
EndProject
Project("{FAE04EC0-301F-11D3-BF4B-00C04F79EFBC}") = "Ordering.Infrastructure", "ordering.Infrastructure\Ordering.Infrastructure.csproj", "{0193CE6C-0BF3-435C-B9C1-03FD0CBBC3AF}"
EndProject
Project("{FAE04EC0-301F-11D3-BF4B-00C04F79EFBC}") = "Ordering.Application", "Ordering.Application\Ordering.Application.csproj", "{9F2DC461-C62C-42AF-9899-A65562986AB9}"
EndProject
Global
	GlobalSection(SolutionConfigurationPlatforms) = preSolution
		Debug|Any CPU = Debug|Any CPU
		Release|Any CPU = Release|Any CPU
	EndGlobalSection
	GlobalSection(ProjectConfigurationPlatforms) = postSolution
		{69DCBDC6-92C8-4FB2-853D-2179ED0A5750}.Debug|Any CPU.ActiveCfg = Debug|Any CPU
		{69DCBDC6-92C8-4FB2-853D-2179ED0A5750}.Debug|Any CPU.Build.0 = Debug|Any CPU
		{69DCBDC6-92C8-4FB2-853D-2179ED0A5750}.Release|Any CPU.ActiveCfg = Release|Any CPU
		{69DCBDC6-92C8-4FB2-853D-2179ED0A5750}.Release|Any CPU.Build.0 = Release|Any CPU
		{0AB2C8FB-C3C1-42FB-B818-637E3393F89C}.Debug|Any CPU.ActiveCfg = Debug|Any CPU
		{0AB2C8FB-C3C1-42FB-B818-637E3393F89C}.Debug|Any CPU.Build.0 = Debug|Any CPU
		{0AB2C8FB-C3C1-42FB-B818-637E3393F89C}.Release|Any CPU.ActiveCfg = Release|Any CPU
		{0AB2C8FB-C3C1-42FB-B818-637E3393F89C}.Release|Any CPU.Build.0 = Release|Any CPU
		{5FBD728E-FB90-468F-856A-CD65D3E62AAD}.Debug|Any CPU.ActiveCfg = Debug|Any CPU
		{5FBD728E-FB90-468F-856A-CD65D3E62AAD}.Debug|Any CPU.Build.0 = Debug|Any CPU
		{5FBD728E-FB90-468F-856A-CD65D3E62AAD}.Release|Any CPU.ActiveCfg = Release|Any CPU
		{5FBD728E-FB90-468F-856A-CD65D3E62AAD}.Release|Any CPU.Build.0 = Release|Any CPU
		{A343B756-5199-4F21-A7E2-1819CDC3878D}.Debug|Any CPU.ActiveCfg = Debug|Any CPU
		{A343B756-5199-4F21-A7E2-1819CDC3878D}.Debug|Any CPU.Build.0 = Debug|Any CPU
		{A343B756-5199-4F21-A7E2-1819CDC3878D}.Release|Any CPU.ActiveCfg = Release|Any CPU
		{A343B756-5199-4F21-A7E2-1819CDC3878D}.Release|Any CPU.Build.0 = Release|Any CPU
		{BB5621C7-3915-46A3-A0A1-9B3F14D8A598}.Debug|Any CPU.ActiveCfg = Debug|Any CPU
		{BB5621C7-3915-46A3-A0A1-9B3F14D8A598}.Debug|Any CPU.Build.0 = Debug|Any CPU
		{BB5621C7-3915-46A3-A0A1-9B3F14D8A598}.Release|Any CPU.ActiveCfg = Release|Any CPU
		{BB5621C7-3915-46A3-A0A1-9B3F14D8A598}.Release|Any CPU.Build.0 = Release|Any CPU
		{833447D5-EB6B-402D-AC00-FD3F59A4CF9B}.Debug|Any CPU.ActiveCfg = Debug|Any CPU
		{833447D5-EB6B-402D-AC00-FD3F59A4CF9B}.Debug|Any CPU.Build.0 = Debug|Any CPU
		{833447D5-EB6B-402D-AC00-FD3F59A4CF9B}.Release|Any CPU.ActiveCfg = Release|Any CPU
		{833447D5-EB6B-402D-AC00-FD3F59A4CF9B}.Release|Any CPU.Build.0 = Release|Any CPU
		{453CBD93-DA89-4FD0-87AD-025B5448A6B4}.Debug|Any CPU.ActiveCfg = Debug|Any CPU
		{453CBD93-DA89-4FD0-87AD-025B5448A6B4}.Debug|Any CPU.Build.0 = Debug|Any CPU
		{453CBD93-DA89-4FD0-87AD-025B5448A6B4}.Release|Any CPU.ActiveCfg = Release|Any CPU
		{453CBD93-DA89-4FD0-87AD-025B5448A6B4}.Release|Any CPU.Build.0 = Release|Any CPU
		{0193CE6C-0BF3-435C-B9C1-03FD0CBBC3AF}.Debug|Any CPU.ActiveCfg = Debug|Any CPU
		{0193CE6C-0BF3-435C-B9C1-03FD0CBBC3AF}.Debug|Any CPU.Build.0 = Debug|Any CPU
		{0193CE6C-0BF3-435C-B9C1-03FD0CBBC3AF}.Release|Any CPU.ActiveCfg = Release|Any CPU
		{0193CE6C-0BF3-435C-B9C1-03FD0CBBC3AF}.Release|Any CPU.Build.0 = Release|Any CPU
		{9F2DC461-C62C-42AF-9899-A65562986AB9}.Debug|Any CPU.ActiveCfg = Debug|Any CPU
		{9F2DC461-C62C-42AF-9899-A65562986AB9}.Debug|Any CPU.Build.0 = Debug|Any CPU
		{9F2DC461-C62C-42AF-9899-A65562986AB9}.Release|Any CPU.ActiveCfg = Release|Any CPU
		{9F2DC461-C62C-42AF-9899-A65562986AB9}.Release|Any CPU.Build.0 = Release|Any CPU
	EndGlobalSection
	GlobalSection(SolutionProperties) = preSolution
		HideSolutionNode = FALSE
	EndGlobalSection
	GlobalSection(NestedProjects) = preSolution
		{69DCBDC6-92C8-4FB2-853D-2179ED0A5750} = {3382143E-2C82-4D53-A25D-E45725053CE8}
		{5FBD728E-FB90-468F-856A-CD65D3E62AAD} = {3382143E-2C82-4D53-A25D-E45725053CE8}
		{A343B756-5199-4F21-A7E2-1819CDC3878D} = {3382143E-2C82-4D53-A25D-E45725053CE8}
		{BB5621C7-3915-46A3-A0A1-9B3F14D8A598} = {FAD6B2B4-9973-470E-A902-32E67CA88830}
		{833447D5-EB6B-402D-AC00-FD3F59A4CF9B} = {7C225DEC-ACEE-4B50-B8DD-51C9488B0981}
		{7C225DEC-ACEE-4B50-B8DD-51C9488B0981} = {3382143E-2C82-4D53-A25D-E45725053CE8}
		{453CBD93-DA89-4FD0-87AD-025B5448A6B4} = {7C225DEC-ACEE-4B50-B8DD-51C9488B0981}
		{0193CE6C-0BF3-435C-B9C1-03FD0CBBC3AF} = {7C225DEC-ACEE-4B50-B8DD-51C9488B0981}
		{9F2DC461-C62C-42AF-9899-A65562986AB9} = {7C225DEC-ACEE-4B50-B8DD-51C9488B0981}
	EndGlobalSection
	GlobalSection(ExtensibilityGlobals) = postSolution
		SolutionGuid = {AD98AE01-FD22-4A67-AF98-FFFF588B23A3}
	EndGlobalSection
EndGlobal
